# THIS IS AN AUTOGENERATED FILE. DO NOT EDIT THIS FILE DIRECTLY.
# yarn lockfile v1


"@codingame/monaco-jsonrpc@^0.4.0":
  version "0.4.1"
  resolved "https://repo.dev.wixpress.com/artifactory/api/npm/npm-repos/@codingame/monaco-jsonrpc/-/monaco-jsonrpc-0.4.1.tgz#59c1394f8c9d4764d382db7df176deafa1545bbe"
  integrity sha1-WcE5T4ydR2TTgtt98Xber6FUW74=
  dependencies:
    vscode-jsonrpc "^8.0.1"

"@cspotcode/source-map-support@^0.8.0":
  version "0.8.1"
  resolved "https://repo.dev.wixpress.com/artifactory/api/npm/npm-repos/@cspotcode/source-map-support/-/source-map-support-0.8.1.tgz#00629c35a688e05a88b1cda684fb9d5e73f000a1"
  integrity sha1-AGKcNaaI4FqIsc2mhPudXnPwAKE=
  dependencies:
    "@jridgewell/trace-mapping" "0.3.9"

"@jridgewell/resolve-uri@^3.0.3":
  version "3.0.8"
  resolved "https://repo.dev.wixpress.com/artifactory/api/npm/npm-repos/@jridgewell/resolve-uri/-/resolve-uri-3.0.8.tgz#687cc2bbf243f4e9a868ecf2262318e2658873a1"
  integrity sha1-aHzCu/JD9OmoaOzyJiMY4mWIc6E=

"@jridgewell/sourcemap-codec@^1.4.10":
  version "1.4.14"
  resolved "https://repo.dev.wixpress.com/artifactory/api/npm/npm-repos/@jridgewell/sourcemap-codec/-/sourcemap-codec-1.4.14.tgz#add4c98d341472a289190b424efbdb096991bb24"
  integrity sha1-rdTJjTQUcqKJGQtCTvvbCWmRuyQ=

"@jridgewell/trace-mapping@0.3.9":
  version "0.3.9"
  resolved "https://repo.dev.wixpress.com/artifactory/api/npm/npm-repos/@jridgewell/trace-mapping/-/trace-mapping-0.3.9.tgz#6534fd5933a53ba7cbf3a17615e273a0d1273ff9"
  integrity sha1-ZTT9WTOlO6fL86F2FeJzoNEnP/k=
  dependencies:
    "@jridgewell/resolve-uri" "^3.0.3"
    "@jridgewell/sourcemap-codec" "^1.4.10"

"@nodelib/fs.scandir@2.1.5":
  version "2.1.5"
  resolved "https://repo.dev.wixpress.com/artifactory/api/npm/npm-repos/@nodelib/fs.scandir/-/fs.scandir-2.1.5.tgz#7619c2eb21b25483f6d167548b4cfd5a7488c3d5"
  integrity sha1-dhnC6yGyVIP20WdUi0z9WnSIw9U=
  dependencies:
    "@nodelib/fs.stat" "2.0.5"
    run-parallel "^1.1.9"

"@nodelib/fs.stat@2.0.5", "@nodelib/fs.stat@^2.0.2":
  version "2.0.5"
  resolved "https://repo.dev.wixpress.com/artifactory/api/npm/npm-repos/@nodelib/fs.stat/-/fs.stat-2.0.5.tgz#5bd262af94e9d25bd1e71b05deed44876a222e8b"
  integrity sha1-W9Jir5Tp0lvR5xsF3u1Eh2oiLos=

"@nodelib/fs.walk@^1.2.3":
  version "1.2.8"
  resolved "https://repo.dev.wixpress.com/artifactory/api/npm/npm-repos/@nodelib/fs.walk/-/fs.walk-1.2.8.tgz#e95737e8bb6746ddedf69c556953494f196fe69a"
  integrity sha1-6Vc36LtnRt3t9pxVaVNJTxlv5po=
  dependencies:
    "@nodelib/fs.scandir" "2.1.5"
    fastq "^1.6.0"

"@tsconfig/node10@^1.0.7":
  version "1.0.9"
  resolved "https://repo.dev.wixpress.com/artifactory/api/npm/npm-repos/@tsconfig/node10/-/node10-1.0.9.tgz#df4907fc07a886922637b15e02d4cebc4c0021b2"
  integrity sha1-30kH/AeohpImN7FeAtTOvEwAIbI=

"@tsconfig/node12@^1.0.7":
  version "1.0.11"
  resolved "https://repo.dev.wixpress.com/artifactory/api/npm/npm-repos/@tsconfig/node12/-/node12-1.0.11.tgz#ee3def1f27d9ed66dac6e46a295cffb0152e058d"
  integrity sha1-7j3vHyfZ7WbaxuRqKVz/sBUuBY0=

"@tsconfig/node14@^1.0.0":
  version "1.0.3"
  resolved "https://repo.dev.wixpress.com/artifactory/api/npm/npm-repos/@tsconfig/node14/-/node14-1.0.3.tgz#e4386316284f00b98435bf40f72f75a09dabf6c1"
  integrity sha1-5DhjFihPALmENb9A9y91oJ2r9sE=

"@tsconfig/node16@^1.0.2":
  version "1.0.3"
  resolved "https://repo.dev.wixpress.com/artifactory/api/npm/npm-repos/@tsconfig/node16/-/node16-1.0.3.tgz#472eaab5f15c1ffdd7f8628bd4c4f753995ec79e"
  integrity sha1-Ry6qtfFcH/3X+GKL1MT3U5lex54=

"@types/body-parser@*":
  version "1.19.2"
  resolved "https://repo.dev.wixpress.com/artifactory/api/npm/npm-repos/@types/body-parser/-/body-parser-1.19.2.tgz#aea2059e28b7658639081347ac4fab3de166e6f0"
  integrity sha1-rqIFnii3ZYY5CBNHrE+rPeFm5vA=
  dependencies:
    "@types/connect" "*"
    "@types/node" "*"

"@types/connect@*":
  version "3.4.35"
  resolved "https://repo.dev.wixpress.com/artifactory/api/npm/npm-repos/@types/connect/-/connect-3.4.35.tgz#5fcf6ae445e4021d1fc2219a4873cc73a3bb2ad1"
  integrity sha1-X89q5EXkAh0fwiGaSHPMc6O7KtE=
  dependencies:
    "@types/node" "*"

"@types/cors@^2.8.12":
  version "2.8.12"
  resolved "https://repo.dev.wixpress.com/artifactory/api/npm/npm-repos/@types/cors/-/cors-2.8.12.tgz#6b2c510a7ad7039e98e7b8d3d6598f4359e5c080"
  integrity sha1-ayxRCnrXA56Y57jT1lmPQ1nlwIA=

"@types/express-serve-static-core@^4.17.18":
  version "4.17.29"
  resolved "https://repo.dev.wixpress.com/artifactory/api/npm/npm-repos/@types/express-serve-static-core/-/express-serve-static-core-4.17.29.tgz#2a1795ea8e9e9c91b4a4bbe475034b20c1ec711c"
  integrity sha1-KheV6o6enJG0pLvkdQNLIMHscRw=
  dependencies:
    "@types/node" "*"
    "@types/qs" "*"
    "@types/range-parser" "*"

"@types/express@^4.17.13":
  version "4.17.13"
  resolved "https://repo.dev.wixpress.com/artifactory/api/npm/npm-repos/@types/express/-/express-4.17.13.tgz#a76e2995728999bab51a33fabce1d705a3709034"
  integrity sha1-p24plXKJmbq1GjP6vOHXBaNwkDQ=
  dependencies:
    "@types/body-parser" "*"
    "@types/express-serve-static-core" "^4.17.18"
    "@types/qs" "*"
    "@types/serve-static" "*"

"@types/mime@^1":
  version "1.3.2"
  resolved "https://repo.dev.wixpress.com/artifactory/api/npm/npm-repos/@types/mime/-/mime-1.3.2.tgz#93e25bf9ee75fe0fd80b594bc4feb0e862111b5a"
  integrity sha1-k+Jb+e51/g/YC1lLxP6w6GIRG1o=

"@types/node@*":
  version "18.0.0"
  resolved "https://repo.dev.wixpress.com/artifactory/api/npm/npm-repos/@types/node/-/node-18.0.0.tgz#67c7b724e1bcdd7a8821ce0d5ee184d3b4dd525a"
  integrity sha1-Z8e3JOG83XqIIc4NXuGE07TdUlo=

"@types/qs@*":
  version "6.9.7"
  resolved "https://repo.dev.wixpress.com/artifactory/api/npm/npm-repos/@types/qs/-/qs-6.9.7.tgz#63bb7d067db107cc1e457c303bc25d511febf6cb"
  integrity sha1-Y7t9Bn2xB8weRXwwO8JdUR/r9ss=

"@types/range-parser@*":
  version "1.2.4"
  resolved "https://repo.dev.wixpress.com/artifactory/api/npm/npm-repos/@types/range-parser/-/range-parser-1.2.4.tgz#cd667bcfdd025213aafb7ca5915a932590acdcdc"
  integrity sha1-zWZ7z90CUhOq+3ylkVqTJZCs3Nw=

"@types/serve-static@*":
  version "1.13.10"
  resolved "https://repo.dev.wixpress.com/artifactory/api/npm/npm-repos/@types/serve-static/-/serve-static-1.13.10.tgz#f5e0ce8797d2d7cc5ebeda48a52c96c4fa47a8d9"
  integrity sha1-9eDOh5fS18xevtpIpSyWxPpHqNk=
  dependencies:
    "@types/mime" "^1"
    "@types/node" "*"

"@types/ws@^8.5.3":
  version "8.5.3"
  resolved "https://repo.dev.wixpress.com/artifactory/api/npm/npm-repos/@types/ws/-/ws-8.5.3.tgz#7d25a1ffbecd3c4f2d35068d0b283c037003274d"
  integrity sha1-fSWh/77NPE8tNQaNCyg8A3ADJ00=
  dependencies:
    "@types/node" "*"

accepts@~1.3.8:
  version "1.3.8"
  resolved "https://repo.dev.wixpress.com/artifactory/api/npm/npm-repos/accepts/-/accepts-1.3.8.tgz#0bf0be125b67014adcb0b0921e62db7bffe16b2e"
  integrity sha1-C/C+EltnAUrcsLCSHmLbe//hay4=
  dependencies:
    mime-types "~2.1.34"
    negotiator "0.6.3"

acorn-walk@^8.1.1:
  version "8.2.0"
  resolved "https://repo.dev.wixpress.com/artifactory/api/npm/npm-repos/acorn-walk/-/acorn-walk-8.2.0.tgz#741210f2e2426454508853a2f44d0ab83b7f69c1"
  integrity sha1-dBIQ8uJCZFRQiFOi9E0KuDt/acE=

acorn@^8.4.1:
  version "8.7.1"
  resolved "https://repo.dev.wixpress.com/artifactory/api/npm/npm-repos/acorn/-/acorn-8.7.1.tgz#0197122c843d1bf6d0a5e83220a788f278f63c30"
  integrity sha1-AZcSLIQ9G/bQpegyIKeI8nj2PDA=

aggregate-error@^3.0.0:
  version "3.1.0"
  resolved "https://repo.dev.wixpress.com/artifactory/api/npm/npm-repos/aggregate-error/-/aggregate-error-3.1.0.tgz#92670ff50f5359bdb7a3e0d40d0ec30c5737687a"
  integrity sha1-kmcP9Q9TWb23o+DUDQ7DDFc3aHo=
  dependencies:
    clean-stack "^2.0.0"
    indent-string "^4.0.0"

arg@^4.1.0:
  version "4.1.3"
  resolved "https://repo.dev.wixpress.com/artifactory/api/npm/npm-repos/arg/-/arg-4.1.3.tgz#269fc7ad5b8e42cb63c896d5666017261c144089"
  integrity sha1-Jp/HrVuOQstjyJbVZmAXJhwUQIk=

array-flatten@1.1.1:
  version "1.1.1"
  resolved "https://repo.dev.wixpress.com/artifactory/api/npm/npm-repos/array-flatten/-/array-flatten-1.1.1.tgz#9a5f699051b1e7073328f2a008968b64ea2955d2"
  integrity sha1-ml9pkFGx5wczKPKgCJaLZOopVdI=

array-union@^2.1.0:
  version "2.1.0"
  resolved "https://repo.dev.wixpress.com/artifactory/api/npm/npm-repos/array-union/-/array-union-2.1.0.tgz#b798420adbeb1de828d84acd8a2e23d3efe85e8d"
  integrity sha1-t5hCCtvrHego2ErNii4j0+/oXo0=

balanced-match@^1.0.0:
  version "1.0.2"
  resolved "https://repo.dev.wixpress.com/artifactory/api/npm/npm-repos/balanced-match/-/balanced-match-1.0.2.tgz#e83e3a7e3f300b34cb9d87f615fa0cbf357690ee"
  integrity sha1-6D46fj8wCzTLnYf2FfoMvzV2kO4=

body-parser@1.20.0:
  version "1.20.0"
  resolved "https://repo.dev.wixpress.com/artifactory/api/npm/npm-repos/body-parser/-/body-parser-1.20.0.tgz#3de69bd89011c11573d7bfee6a64f11b6bd27cc5"
  integrity sha1-Peab2JARwRVz17/uamTxG2vSfMU=
  dependencies:
    bytes "3.1.2"
    content-type "~1.0.4"
    debug "2.6.9"
    depd "2.0.0"
    destroy "1.2.0"
    http-errors "2.0.0"
    iconv-lite "0.4.24"
    on-finished "2.4.1"
    qs "6.10.3"
    raw-body "2.5.1"
    type-is "~1.6.18"
    unpipe "1.0.0"

brace-expansion@^1.1.7:
  version "1.1.11"
  resolved "https://repo.dev.wixpress.com/artifactory/api/npm/npm-repos/brace-expansion/-/brace-expansion-1.1.11.tgz#3c7fcbf529d87226f3d2f52b966ff5271eb441dd"
  integrity sha1-PH/L9SnYcibz0vUrlm/1Jx60Qd0=
  dependencies:
    balanced-match "^1.0.0"
    concat-map "0.0.1"

braces@^3.0.2:
  version "3.0.2"
  resolved "https://repo.dev.wixpress.com/artifactory/api/npm/npm-repos/braces/-/braces-3.0.2.tgz#3454e1a462ee8d599e236df336cd9ea4f8afe107"
  integrity sha1-NFThpGLujVmeI23zNs2epPiv4Qc=
  dependencies:
    fill-range "^7.0.1"

bytes@3.1.2:
  version "3.1.2"
  resolved "https://repo.dev.wixpress.com/artifactory/api/npm/npm-repos/bytes/-/bytes-3.1.2.tgz#8b0beeb98605adf1b128fa4386403c009e0221a5"
  integrity sha1-iwvuuYYFrfGxKPpDhkA8AJ4CIaU=

call-bind@^1.0.0:
  version "1.0.2"
  resolved "https://repo.dev.wixpress.com/artifactory/api/npm/npm-repos/call-bind/-/call-bind-1.0.2.tgz#b1d4e89e688119c3c9a903ad30abb2f6a919be3c"
  integrity sha1-sdTonmiBGcPJqQOtMKuy9qkZvjw=
  dependencies:
    function-bind "^1.1.1"
    get-intrinsic "^1.0.2"

clean-stack@^2.0.0:
  version "2.2.0"
  resolved "https://repo.dev.wixpress.com/artifactory/api/npm/npm-repos/clean-stack/-/clean-stack-2.2.0.tgz#ee8472dbb129e727b31e8a10a427dee9dfe4008b"
  integrity sha1-7oRy27Ep5yezHooQpCfe6d/kAIs=

commander@^9.0.0:
  version "9.3.0"
  resolved "https://repo.dev.wixpress.com/artifactory/api/npm/npm-repos/commander/-/commander-9.3.0.tgz#f619114a5a2d2054e0d9ff1b31d5ccf89255e26b"
  integrity sha1-9hkRSlotIFTg2f8bMdXM+JJV4ms=

concat-map@0.0.1:
  version "0.0.1"
  resolved "https://repo.dev.wixpress.com/artifactory/api/npm/npm-repos/concat-map/-/concat-map-0.0.1.tgz#d8a96bd77fd68df7793a73036a3ba0d5405d477b"
  integrity sha1-2Klr13/Wjfd5OnMDajug1UBdR3s=

content-disposition@0.5.4:
  version "0.5.4"
  resolved "https://repo.dev.wixpress.com/artifactory/api/npm/npm-repos/content-disposition/-/content-disposition-0.5.4.tgz#8b82b4efac82512a02bb0b1dcec9d2c5e8eb5bfe"
  integrity sha1-i4K076yCUSoCuwsdzsnSxejrW/4=
  dependencies:
    safe-buffer "5.2.1"

content-type@~1.0.4:
  version "1.0.4"
  resolved "https://repo.dev.wixpress.com/artifactory/api/npm/npm-repos/content-type/-/content-type-1.0.4.tgz#e138cc75e040c727b1966fe5e5f8c9aee256fe3b"
  integrity sha1-4TjMdeBAxyexlm/l5fjJruJW/js=

cookie-signature@1.0.6:
  version "1.0.6"
  resolved "https://repo.dev.wixpress.com/artifactory/api/npm/npm-repos/cookie-signature/-/cookie-signature-1.0.6.tgz#e303a882b342cc3ee8ca513a79999734dab3ae2c"
  integrity sha1-4wOogrNCzD7oylE6eZmXNNqzriw=

cookie@0.5.0:
  version "0.5.0"
  resolved "https://repo.dev.wixpress.com/artifactory/api/npm/npm-repos/cookie/-/cookie-0.5.0.tgz#d1f5d71adec6558c58f389987c366aa47e994f8b"
  integrity sha1-0fXXGt7GVYxY84mYfDZqpH6ZT4s=

cors@^2.8.5:
  version "2.8.5"
  resolved "https://repo.dev.wixpress.com/artifactory/api/npm/npm-repos/cors/-/cors-2.8.5.tgz#eac11da51592dd86b9f06f6e7ac293b3df875d29"
  integrity sha1-6sEdpRWS3Ya58G9uesKTs9+HXSk=
  dependencies:
    object-assign "^4"
    vary "^1"

create-require@^1.1.0:
  version "1.1.1"
  resolved "https://repo.dev.wixpress.com/artifactory/api/npm/npm-repos/create-require/-/create-require-1.1.1.tgz#c1d7e8f1e5f6cfc9ff65f9cd352d37348756c333"
  integrity sha1-wdfo8eX2z8n/ZfnNNS03NIdWwzM=

crypto-random-string@^2.0.0:
  version "2.0.0"
  resolved "https://repo.dev.wixpress.com/artifactory/api/npm/npm-repos/crypto-random-string/-/crypto-random-string-2.0.0.tgz#ef2a7a966ec11083388369baa02ebead229b30d5"
  integrity sha1-7yp6lm7BEIM4g2m6oC6+rSKbMNU=

debug@2.6.9:
  version "2.6.9"
  resolved "https://repo.dev.wixpress.com/artifactory/api/npm/npm-repos/debug/-/debug-2.6.9.tgz#5d128515df134ff327e90a4c93f4e077a536341f"
  integrity sha1-XRKFFd8TT/Mn6QpMk/Tgd6U2NB8=
  dependencies:
    ms "2.0.0"

del@^6.0.0:
  version "6.1.1"
  resolved "https://repo.dev.wixpress.com/artifactory/api/npm/npm-repos/del/-/del-6.1.1.tgz#3b70314f1ec0aa325c6b14eb36b95786671edb7a"
  integrity sha1-O3AxTx7AqjJcaxTrNrlXhmce23o=
  dependencies:
    globby "^11.0.1"
    graceful-fs "^4.2.4"
    is-glob "^4.0.1"
    is-path-cwd "^2.2.0"
    is-path-inside "^3.0.2"
    p-map "^4.0.0"
    rimraf "^3.0.2"
    slash "^3.0.0"

depd@2.0.0:
  version "2.0.0"
  resolved "https://repo.dev.wixpress.com/artifactory/api/npm/npm-repos/depd/-/depd-2.0.0.tgz#b696163cc757560d09cf22cc8fad1571b79e76df"
  integrity sha1-tpYWPMdXVg0JzyLMj60Vcbeedt8=

destroy@1.2.0:
  version "1.2.0"
  resolved "https://repo.dev.wixpress.com/artifactory/api/npm/npm-repos/destroy/-/destroy-1.2.0.tgz#4803735509ad8be552934c67df614f94e66fa015"
  integrity sha1-SANzVQmti+VSk0xn32FPlOZvoBU=

diff@^4.0.1:
  version "4.0.2"
  resolved "https://repo.dev.wixpress.com/artifactory/api/npm/npm-repos/diff/-/diff-4.0.2.tgz#60f3aecb89d5fae520c11aa19efc2bb982aade7d"
  integrity sha1-YPOuy4nV+uUgwRqhnvwruYKq3n0=

dir-glob@^3.0.1:
  version "3.0.1"
  resolved "https://repo.dev.wixpress.com/artifactory/api/npm/npm-repos/dir-glob/-/dir-glob-3.0.1.tgz#56dbf73d992a4a93ba1584f4534063fd2e41717f"
  integrity sha1-Vtv3PZkqSpO6FYT0U0Bj/S5BcX8=
  dependencies:
    path-type "^4.0.0"

ee-first@1.1.1:
  version "1.1.1"
  resolved "https://repo.dev.wixpress.com/artifactory/api/npm/npm-repos/ee-first/-/ee-first-1.1.1.tgz#590c61156b0ae2f4f0255732a158b266bc56b21d"
  integrity sha1-WQxhFWsK4vTwJVcyoViyZrxWsh0=

encodeurl@~1.0.2:
  version "1.0.2"
  resolved "https://repo.dev.wixpress.com/artifactory/api/npm/npm-repos/encodeurl/-/encodeurl-1.0.2.tgz#ad3ff4c86ec2d029322f5a02c3a9a606c95b3f59"
  integrity sha1-rT/0yG7C0CkyL1oCw6mmBslbP1k=

escape-html@~1.0.3:
  version "1.0.3"
  resolved "https://repo.dev.wixpress.com/artifactory/api/npm/npm-repos/escape-html/-/escape-html-1.0.3.tgz#0258eae4d3d0c0974de1c169188ef0051d1d1988"
  integrity sha1-Aljq5NPQwJdN4cFpGI7wBR0dGYg=

etag@~1.8.1:
  version "1.8.1"
  resolved "https://repo.dev.wixpress.com/artifactory/api/npm/npm-repos/etag/-/etag-1.8.1.tgz#41ae2eeb65efa62268aebfea83ac7d79299b0887"
  integrity sha1-Qa4u62XvpiJorr/qg6x9eSmbCIc=

express@^4.18.1:
  version "4.18.1"
  resolved "https://repo.dev.wixpress.com/artifactory/api/npm/npm-repos/express/-/express-4.18.1.tgz#7797de8b9c72c857b9cd0e14a5eea80666267caf"
  integrity sha1-d5fei5xyyFe5zQ4Upe6oBmYmfK8=
  dependencies:
    accepts "~1.3.8"
    array-flatten "1.1.1"
    body-parser "1.20.0"
    content-disposition "0.5.4"
    content-type "~1.0.4"
    cookie "0.5.0"
    cookie-signature "1.0.6"
    debug "2.6.9"
    depd "2.0.0"
    encodeurl "~1.0.2"
    escape-html "~1.0.3"
    etag "~1.8.1"
    finalhandler "1.2.0"
    fresh "0.5.2"
    http-errors "2.0.0"
    merge-descriptors "1.0.1"
    methods "~1.1.2"
    on-finished "2.4.1"
    parseurl "~1.3.3"
    path-to-regexp "0.1.7"
    proxy-addr "~2.0.7"
    qs "6.10.3"
    range-parser "~1.2.1"
    safe-buffer "5.2.1"
    send "0.18.0"
    serve-static "1.15.0"
    setprototypeof "1.2.0"
    statuses "2.0.1"
    type-is "~1.6.18"
    utils-merge "1.0.1"
    vary "~1.1.2"

fast-glob@^3.2.9:
  version "3.2.11"
  resolved "https://repo.dev.wixpress.com/artifactory/api/npm/npm-repos/fast-glob/-/fast-glob-3.2.11.tgz#a1172ad95ceb8a16e20caa5c5e56480e5129c1d9"
  integrity sha1-oRcq2VzrihbiDKpcXlZIDlEpwdk=
  dependencies:
    "@nodelib/fs.stat" "^2.0.2"
    "@nodelib/fs.walk" "^1.2.3"
    glob-parent "^5.1.2"
    merge2 "^1.3.0"
    micromatch "^4.0.4"

fastq@^1.6.0:
  version "1.13.0"
  resolved "https://repo.dev.wixpress.com/artifactory/api/npm/npm-repos/fastq/-/fastq-1.13.0.tgz#616760f88a7526bdfc596b7cab8c18938c36b98c"
  integrity sha1-YWdg+Ip1Jr38WWt8q4wYk4w2uYw=
  dependencies:
    reusify "^1.0.4"

fill-range@^7.0.1:
  version "7.0.1"
  resolved "https://repo.dev.wixpress.com/artifactory/api/npm/npm-repos/fill-range/-/fill-range-7.0.1.tgz#1919a6a7c75fe38b2c7c77e5198535da9acdda40"
  integrity sha1-GRmmp8df44ssfHflGYU12prN2kA=
  dependencies:
    to-regex-range "^5.0.1"

finalhandler@1.2.0:
  version "1.2.0"
  resolved "https://repo.dev.wixpress.com/artifactory/api/npm/npm-repos/finalhandler/-/finalhandler-1.2.0.tgz#7d23fe5731b207b4640e4fcd00aec1f9207a7b32"
  integrity sha1-fSP+VzGyB7RkDk/NAK7B+SB6ezI=
  dependencies:
    debug "2.6.9"
    encodeurl "~1.0.2"
    escape-html "~1.0.3"
    on-finished "2.4.1"
    parseurl "~1.3.3"
    statuses "2.0.1"
    unpipe "~1.0.0"

find-up@^3.0.0:
  version "3.0.0"
  resolved "https://repo.dev.wixpress.com/artifactory/api/npm/npm-repos/find-up/-/find-up-3.0.0.tgz#49169f1d7993430646da61ecc5ae355c21c97b73"
  integrity sha1-SRafHXmTQwZG2mHsxa41XCHJe3M=
  dependencies:
    locate-path "^3.0.0"

forwarded@0.2.0:
  version "0.2.0"
  resolved "https://repo.dev.wixpress.com/artifactory/api/npm/npm-repos/forwarded/-/forwarded-0.2.0.tgz#2269936428aad4c15c7ebe9779a84bf0b2a81811"
  integrity sha1-ImmTZCiq1MFcfr6XeahL8LKoGBE=

fresh@0.5.2:
  version "0.5.2"
  resolved "https://repo.dev.wixpress.com/artifactory/api/npm/npm-repos/fresh/-/fresh-0.5.2.tgz#3d8cadd90d976569fa835ab1f8e4b23a105605a7"
  integrity sha1-PYyt2Q2XZWn6g1qx+OSyOhBWBac=

fs-extra@^10.0.0:
  version "10.1.0"
  resolved "https://repo.dev.wixpress.com/artifactory/api/npm/npm-repos/fs-extra/-/fs-extra-10.1.0.tgz#02873cfbc4084dde127eaa5f9905eef2325d1abf"
  integrity sha1-Aoc8+8QITd4SfqpfmQXu8jJdGr8=
  dependencies:
    graceful-fs "^4.2.0"
    jsonfile "^6.0.1"
    universalify "^2.0.0"

fs.realpath@^1.0.0:
  version "1.0.0"
  resolved "https://repo.dev.wixpress.com/artifactory/api/npm/npm-repos/fs.realpath/-/fs.realpath-1.0.0.tgz#1504ad2523158caa40db4a2787cb01411994ea4f"
  integrity sha1-FQStJSMVjKpA20onh8sBQRmU6k8=

function-bind@^1.1.1:
  version "1.1.1"
  resolved "https://repo.dev.wixpress.com/artifactory/api/npm/npm-repos/function-bind/-/function-bind-1.1.1.tgz#a56899d3ea3c9bab874bb9773b7c5ede92f4895d"
  integrity sha1-pWiZ0+o8m6uHS7l3O3xe3pL0iV0=

get-intrinsic@^1.0.2:
  version "1.1.2"
  resolved "https://repo.dev.wixpress.com/artifactory/api/npm/npm-repos/get-intrinsic/-/get-intrinsic-1.1.2.tgz#336975123e05ad0b7ba41f152ee4aadbea6cf598"
  integrity sha1-M2l1Ej4FrQt7pB8VLuSq2+ps9Zg=
  dependencies:
    function-bind "^1.1.1"
    has "^1.0.3"
    has-symbols "^1.0.3"

glob-parent@^5.1.2:
  version "5.1.2"
  resolved "https://repo.dev.wixpress.com/artifactory/api/npm/npm-repos/glob-parent/-/glob-parent-5.1.2.tgz#869832c58034fe68a4093c17dc15e8340d8401c4"
  integrity sha1-hpgyxYA0/mikCTwX3BXoNA2EAcQ=
  dependencies:
    is-glob "^4.0.1"

glob@^7.1.3:
  version "7.2.3"
  resolved "https://repo.dev.wixpress.com/artifactory/api/npm/npm-repos/glob/-/glob-7.2.3.tgz#b8df0fb802bbfa8e89bd1d938b4e16578ed44f2b"
  integrity sha1-uN8PuAK7+o6JvR2Ti04WV47UTys=
  dependencies:
    fs.realpath "^1.0.0"
    inflight "^1.0.4"
    inherits "2"
    minimatch "^3.1.1"
    once "^1.3.0"
    path-is-absolute "^1.0.0"

globby@^11.0.1:
  version "11.1.0"
  resolved "https://repo.dev.wixpress.com/artifactory/api/npm/npm-repos/globby/-/globby-11.1.0.tgz#bd4be98bb042f83d796f7e3811991fbe82a0d34b"
  integrity sha1-vUvpi7BC+D15b344EZkfvoKg00s=
  dependencies:
    array-union "^2.1.0"
    dir-glob "^3.0.1"
    fast-glob "^3.2.9"
    ignore "^5.2.0"
    merge2 "^1.4.1"
    slash "^3.0.0"

graceful-fs@^4.1.6, graceful-fs@^4.2.0, graceful-fs@^4.2.4:
  version "4.2.10"
  resolved "https://repo.dev.wixpress.com/artifactory/api/npm/npm-repos/graceful-fs/-/graceful-fs-4.2.10.tgz#147d3a006da4ca3ce14728c7aefc287c367d7a6c"
  integrity sha1-FH06AG2kyjzhRyjHrvwofDZ9emw=

has-symbols@^1.0.3:
  version "1.0.3"
  resolved "https://repo.dev.wixpress.com/artifactory/api/npm/npm-repos/has-symbols/-/has-symbols-1.0.3.tgz#bb7b2c4349251dce87b125f7bdf874aa7c8b39f8"
  integrity sha1-u3ssQ0klHc6HsSX3vfh0qnyLOfg=

has@^1.0.3:
  version "1.0.3"
  resolved "https://repo.dev.wixpress.com/artifactory/api/npm/npm-repos/has/-/has-1.0.3.tgz#722d7cbfc1f6aa8241f16dd814e011e1f41e8796"
  integrity sha1-ci18v8H2qoJB8W3YFOAR4fQeh5Y=
  dependencies:
    function-bind "^1.1.1"

http-errors@2.0.0:
  version "2.0.0"
  resolved "https://repo.dev.wixpress.com/artifactory/api/npm/npm-repos/http-errors/-/http-errors-2.0.0.tgz#b7774a1486ef73cf7667ac9ae0858c012c57b9d3"
  integrity sha1-t3dKFIbvc892Z6ya4IWMASxXudM=
  dependencies:
    depd "2.0.0"
    inherits "2.0.4"
    setprototypeof "1.2.0"
    statuses "2.0.1"
    toidentifier "1.0.1"

iconv-lite@0.4.24:
  version "0.4.24"
  resolved "https://repo.dev.wixpress.com/artifactory/api/npm/npm-repos/iconv-lite/-/iconv-lite-0.4.24.tgz#2022b4b25fbddc21d2f524974a474aafe733908b"
  integrity sha1-ICK0sl+93CHS9SSXSkdKr+czkIs=
  dependencies:
    safer-buffer ">= 2.1.2 < 3"

ignore@^5.2.0:
  version "5.2.0"
  resolved "https://repo.dev.wixpress.com/artifactory/api/npm/npm-repos/ignore/-/ignore-5.2.0.tgz#6d3bac8fa7fe0d45d9f9be7bac2fc279577e345a"
  integrity sha1-bTusj6f+DUXZ+b57rC/CeVd+NFo=

indent-string@^4.0.0:
  version "4.0.0"
  resolved "https://repo.dev.wixpress.com/artifactory/api/npm/npm-repos/indent-string/-/indent-string-4.0.0.tgz#624f8f4497d619b2d9768531d58f4122854d7251"
  integrity sha1-Yk+PRJfWGbLZdoUx1Y9BIoVNclE=

inflight@^1.0.4:
  version "1.0.6"
  resolved "https://repo.dev.wixpress.com/artifactory/api/npm/npm-repos/inflight/-/inflight-1.0.6.tgz#49bd6331d7d02d0c09bc910a1075ba8165b56df9"
  integrity sha1-Sb1jMdfQLQwJvJEKEHW6gWW1bfk=
  dependencies:
    once "^1.3.0"
    wrappy "1"

inherits@2, inherits@2.0.4:
  version "2.0.4"
  resolved "https://repo.dev.wixpress.com/artifactory/api/npm/npm-repos/inherits/-/inherits-2.0.4.tgz#0fa2c64f932917c3433a0ded55363aae37416b7c"
  integrity sha1-D6LGT5MpF8NDOg3tVTY6rjdBa3w=

ipaddr.js@1.9.1:
  version "1.9.1"
  resolved "https://repo.dev.wixpress.com/artifactory/api/npm/npm-repos/ipaddr.js/-/ipaddr.js-1.9.1.tgz#bff38543eeb8984825079ff3a2a8e6cbd46781b3"
  integrity sha1-v/OFQ+64mEglB5/zoqjmy9RngbM=

is-extglob@^2.1.1:
  version "2.1.1"
  resolved "https://repo.dev.wixpress.com/artifactory/api/npm/npm-repos/is-extglob/-/is-extglob-2.1.1.tgz#a88c02535791f02ed37c76a1b9ea9773c833f8c2"
  integrity sha1-qIwCU1eR8C7TfHahueqXc8gz+MI=

is-glob@^4.0.1:
  version "4.0.3"
  resolved "https://repo.dev.wixpress.com/artifactory/api/npm/npm-repos/is-glob/-/is-glob-4.0.3.tgz#64f61e42cbbb2eec2071a9dac0b28ba1e65d5084"
  integrity sha1-ZPYeQsu7LuwgcanawLKLoeZdUIQ=
  dependencies:
    is-extglob "^2.1.1"

is-number@^7.0.0:
  version "7.0.0"
  resolved "https://repo.dev.wixpress.com/artifactory/api/npm/npm-repos/is-number/-/is-number-7.0.0.tgz#7535345b896734d5f80c4d06c50955527a14f12b"
  integrity sha1-dTU0W4lnNNX4DE0GxQlVUnoU8Ss=

is-path-cwd@^2.2.0:
  version "2.2.0"
  resolved "https://repo.dev.wixpress.com/artifactory/api/npm/npm-repos/is-path-cwd/-/is-path-cwd-2.2.0.tgz#67d43b82664a7b5191fd9119127eb300048a9fdb"
  integrity sha1-Z9Q7gmZKe1GR/ZEZEn6zAASKn9s=

is-path-inside@^3.0.2:
  version "3.0.3"
  resolved "https://repo.dev.wixpress.com/artifactory/api/npm/npm-repos/is-path-inside/-/is-path-inside-3.0.3.tgz#d231362e53a07ff2b0e0ea7fed049161ffd16283"
  integrity sha1-0jE2LlOgf/Kw4Op/7QSRYf/RYoM=

is-stream@^2.0.0:
  version "2.0.1"
  resolved "https://repo.dev.wixpress.com/artifactory/api/npm/npm-repos/is-stream/-/is-stream-2.0.1.tgz#fac1e3d53b97ad5a9d0ae9cef2389f5810a5c077"
  integrity sha1-+sHj1TuXrVqdCunO8jifWBClwHc=

isexe@^2.0.0:
  version "2.0.0"
  resolved "https://repo.dev.wixpress.com/artifactory/api/npm/npm-repos/isexe/-/isexe-2.0.0.tgz#e8fbf374dc556ff8947a10dcb0572d633f2cfa10"
  integrity sha1-6PvzdNxVb/iUehDcsFctYz8s+hA=

jsonfile@^6.0.1:
  version "6.1.0"
  resolved "https://repo.dev.wixpress.com/artifactory/api/npm/npm-repos/jsonfile/-/jsonfile-6.1.0.tgz#bc55b2634793c679ec6403094eb13698a6ec0aae"
  integrity sha1-vFWyY0eTxnnsZAMJTrE2mKbsCq4=
  dependencies:
    universalify "^2.0.0"
  optionalDependencies:
    graceful-fs "^4.1.6"

locate-path@^3.0.0:
  version "3.0.0"
  resolved "https://repo.dev.wixpress.com/artifactory/api/npm/npm-repos/locate-path/-/locate-path-3.0.0.tgz#dbec3b3ab759758071b58fe59fc41871af21400e"
  integrity sha1-2+w7OrdZdYBxtY/ln8QYca8hQA4=
  dependencies:
    p-locate "^3.0.0"
    path-exists "^3.0.0"

lru-cache@^6.0.0:
  version "6.0.0"
  resolved "https://repo.dev.wixpress.com/artifactory/api/npm/npm-repos/lru-cache/-/lru-cache-6.0.0.tgz#6d6fe6570ebd96aaf90fcad1dafa3b2566db3a94"
  integrity sha1-bW/mVw69lqr5D8rR2vo7JWbbOpQ=
  dependencies:
    yallist "^4.0.0"

make-error@^1.1.1:
  version "1.3.6"
  resolved "https://repo.dev.wixpress.com/artifactory/api/npm/npm-repos/make-error/-/make-error-1.3.6.tgz#2eb2e37ea9b67c4891f684a1394799af484cf7a2"
  integrity sha1-LrLjfqm2fEiR9oShOUeZr0hM96I=

media-typer@0.3.0:
  version "0.3.0"
  resolved "https://repo.dev.wixpress.com/artifactory/api/npm/npm-repos/media-typer/-/media-typer-0.3.0.tgz#8710d7af0aa626f8fffa1ce00168545263255748"
  integrity sha1-hxDXrwqmJvj/+hzgAWhUUmMlV0g=

merge-descriptors@1.0.1:
  version "1.0.1"
  resolved "https://repo.dev.wixpress.com/artifactory/api/npm/npm-repos/merge-descriptors/-/merge-descriptors-1.0.1.tgz#b00aaa556dd8b44568150ec9d1b953f3f90cbb61"
  integrity sha1-sAqqVW3YtEVoFQ7J0blT8/kMu2E=

merge2@^1.3.0, merge2@^1.4.1:
  version "1.4.1"
  resolved "https://repo.dev.wixpress.com/artifactory/api/npm/npm-repos/merge2/-/merge2-1.4.1.tgz#4368892f885e907455a6fd7dc55c0c9d404990ae"
  integrity sha1-Q2iJL4hekHRVpv19xVwMnUBJkK4=

methods@~1.1.2:
  version "1.1.2"
  resolved "https://repo.dev.wixpress.com/artifactory/api/npm/npm-repos/methods/-/methods-1.1.2.tgz#5529a4d67654134edcc5266656835b0f851afcee"
  integrity sha1-VSmk1nZUE07cxSZmVoNbD4Ua/O4=

micromatch@^4.0.4:
  version "4.0.5"
  resolved "https://repo.dev.wixpress.com/artifactory/api/npm/npm-repos/micromatch/-/micromatch-4.0.5.tgz#bc8999a7cbbf77cdc89f132f6e467051b49090c6"
  integrity sha1-vImZp8u/d83InxMvbkZwUbSQkMY=
  dependencies:
    braces "^3.0.2"
    picomatch "^2.3.1"

mime-db@1.52.0:
  version "1.52.0"
  resolved "https://repo.dev.wixpress.com/artifactory/api/npm/npm-repos/mime-db/-/mime-db-1.52.0.tgz#bbabcdc02859f4987301c856e3387ce5ec43bf70"
  integrity sha1-u6vNwChZ9JhzAchW4zh85exDv3A=

mime-types@~2.1.24, mime-types@~2.1.34:
  version "2.1.35"
  resolved "https://repo.dev.wixpress.com/artifactory/api/npm/npm-repos/mime-types/-/mime-types-2.1.35.tgz#381a871b62a734450660ae3deee44813f70d959a"
  integrity sha1-OBqHG2KnNEUGYK497uRIE/cNlZo=
  dependencies:
    mime-db "1.52.0"

mime@1.6.0:
  version "1.6.0"
  resolved "https://repo.dev.wixpress.com/artifactory/api/npm/npm-repos/mime/-/mime-1.6.0.tgz#32cd9e5c64553bd58d19a568af452acff04981b1"
  integrity sha1-Ms2eXGRVO9WNGaVor0Uqz/BJgbE=

minimatch@^3.1.1:
  version "3.1.2"
  resolved "https://repo.dev.wixpress.com/artifactory/api/npm/npm-repos/minimatch/-/minimatch-3.1.2.tgz#19cd194bfd3e428f049a70817c038d89ab4be35b"
  integrity sha1-Gc0ZS/0+Qo8EmnCBfAONiatL41s=
  dependencies:
    brace-expansion "^1.1.7"

ms@2.0.0:
  version "2.0.0"
  resolved "https://repo.dev.wixpress.com/artifactory/api/npm/npm-repos/ms/-/ms-2.0.0.tgz#5608aeadfc00be6c2901df5f9861788de0d597c8"
  integrity sha1-VgiurfwAvmwpAd9fmGF4jeDVl8g=

ms@2.1.3:
  version "2.1.3"
  resolved "https://repo.dev.wixpress.com/artifactory/api/npm/npm-repos/ms/-/ms-2.1.3.tgz#574c8138ce1d2b5861f0b44579dbadd60c6615b2"
  integrity sha1-V0yBOM4dK1hh8LRFedut1gxmFbI=

negotiator@0.6.3:
  version "0.6.3"
  resolved "https://repo.dev.wixpress.com/artifactory/api/npm/npm-repos/negotiator/-/negotiator-0.6.3.tgz#58e323a72fedc0d6f9cd4d31fe49f51479590ccd"
  integrity sha1-WOMjpy/twNb5zU0x/kn1FHlZDM0=

object-assign@^4:
  version "4.1.1"
  resolved "https://repo.dev.wixpress.com/artifactory/api/npm/npm-repos/object-assign/-/object-assign-4.1.1.tgz#2109adc7965887cfc05cbbd442cac8bfbb360863"
  integrity sha1-IQmtx5ZYh8/AXLvUQsrIv7s2CGM=

object-inspect@^1.9.0:
  version "1.12.2"
  resolved "https://repo.dev.wixpress.com/artifactory/api/npm/npm-repos/object-inspect/-/object-inspect-1.12.2.tgz#c0641f26394532f28ab8d796ab954e43c009a8ea"
  integrity sha1-wGQfJjlFMvKKuNeWq5VOQ8AJqOo=

on-finished@2.4.1:
  version "2.4.1"
  resolved "https://repo.dev.wixpress.com/artifactory/api/npm/npm-repos/on-finished/-/on-finished-2.4.1.tgz#58c8c44116e54845ad57f14ab10b03533184ac3f"
  integrity sha1-WMjEQRblSEWtV/FKsQsDUzGErD8=
  dependencies:
    ee-first "1.1.1"

once@^1.3.0:
  version "1.4.0"
  resolved "https://repo.dev.wixpress.com/artifactory/api/npm/npm-repos/once/-/once-1.4.0.tgz#583b1aa775961d4b113ac17d9c50baef9dd76bd1"
  integrity sha1-WDsap3WWHUsROsF9nFC6753Xa9E=
  dependencies:
    wrappy "1"

p-debounce@^2.1.0:
  version "2.1.0"
  resolved "https://repo.dev.wixpress.com/artifactory/api/npm/npm-repos/p-debounce/-/p-debounce-2.1.0.tgz#e79f70c6e325cbb9bddbcbec0b81025084671ad3"
  integrity sha1-559wxuMly7m928vsC4ECUIRnGtM=

p-limit@^2.0.0:
  version "2.3.0"
  resolved "https://repo.dev.wixpress.com/artifactory/api/npm/npm-repos/p-limit/-/p-limit-2.3.0.tgz#3dd33c647a214fdfffd835933eb086da0dc21db1"
  integrity sha1-PdM8ZHohT9//2DWTPrCG2g3CHbE=
  dependencies:
    p-try "^2.0.0"

p-locate@^3.0.0:
  version "3.0.0"
  resolved "https://repo.dev.wixpress.com/artifactory/api/npm/npm-repos/p-locate/-/p-locate-3.0.0.tgz#322d69a05c0264b25997d9f40cd8a891ab0064a4"
  integrity sha1-Mi1poFwCZLJZl9n0DNiokasAZKQ=
  dependencies:
    p-limit "^2.0.0"

p-map@^4.0.0:
  version "4.0.0"
  resolved "https://repo.dev.wixpress.com/artifactory/api/npm/npm-repos/p-map/-/p-map-4.0.0.tgz#bb2f95a5eda2ec168ec9274e06a747c3e2904d2b"
  integrity sha1-uy+Vpe2i7BaOySdOBqdHw+KQTSs=
  dependencies:
    aggregate-error "^3.0.0"

p-try@^2.0.0:
  version "2.2.0"
  resolved "https://repo.dev.wixpress.com/artifactory/api/npm/npm-repos/p-try/-/p-try-2.2.0.tgz#cb2868540e313d61de58fafbe35ce9004d5540e6"
  integrity sha1-yyhoVA4xPWHeWPr741zpAE1VQOY=

parseurl@~1.3.3:
  version "1.3.3"
  resolved "https://repo.dev.wixpress.com/artifactory/api/npm/npm-repos/parseurl/-/parseurl-1.3.3.tgz#9da19e7bee8d12dff0513ed5b76957793bc2e8d4"
  integrity sha1-naGee+6NEt/wUT7Vt2lXeTvC6NQ=

path-exists@^3.0.0:
  version "3.0.0"
  resolved "https://repo.dev.wixpress.com/artifactory/api/npm/npm-repos/path-exists/-/path-exists-3.0.0.tgz#ce0ebeaa5f78cb18925ea7d810d7b59b010fd515"
  integrity sha1-zg6+ql94yxiSXqfYENe1mwEP1RU=

path-is-absolute@^1.0.0:
  version "1.0.1"
  resolved "https://repo.dev.wixpress.com/artifactory/api/npm/npm-repos/path-is-absolute/-/path-is-absolute-1.0.1.tgz#174b9268735534ffbc7ace6bf53a5a9e1b5c5f5f"
  integrity sha1-F0uSaHNVNP+8es5r9TpanhtcX18=

path-to-regexp@0.1.7:
  version "0.1.7"
  resolved "https://repo.dev.wixpress.com/artifactory/api/npm/npm-repos/path-to-regexp/-/path-to-regexp-0.1.7.tgz#df604178005f522f15eb4490e7247a1bfaa67f8c"
  integrity sha1-32BBeABfUi8V60SQ5yR6G/qmf4w=

path-type@^4.0.0:
  version "4.0.0"
  resolved "https://repo.dev.wixpress.com/artifactory/api/npm/npm-repos/path-type/-/path-type-4.0.0.tgz#84ed01c0a7ba380afe09d90a8c180dcd9d03043b"
  integrity sha1-hO0BwKe6OAr+CdkKjBgNzZ0DBDs=

picomatch@^2.3.1:
  version "2.3.1"
  resolved "https://repo.dev.wixpress.com/artifactory/api/npm/npm-repos/picomatch/-/picomatch-2.3.1.tgz#3ba3833733646d9d3e4995946c1365a67fb07a42"
  integrity sha1-O6ODNzNkbZ0+SZWUbBNlpn+wekI=

pkg-up@^3.1.0:
  version "3.1.0"
  resolved "https://repo.dev.wixpress.com/artifactory/api/npm/npm-repos/pkg-up/-/pkg-up-3.1.0.tgz#100ec235cc150e4fd42519412596a28512a0def5"
  integrity sha1-EA7CNcwVDk/UJRlBJZaihRKg3vU=
  dependencies:
    find-up "^3.0.0"

proxy-addr@~2.0.7:
  version "2.0.7"
  resolved "https://repo.dev.wixpress.com/artifactory/api/npm/npm-repos/proxy-addr/-/proxy-addr-2.0.7.tgz#f19fe69ceab311eeb94b42e70e8c2070f9ba1025"
  integrity sha1-8Z/mnOqzEe65S0LnDowgcPm6ECU=
  dependencies:
    forwarded "0.2.0"
    ipaddr.js "1.9.1"

qs@6.10.3:
  version "6.10.3"
  resolved "https://repo.dev.wixpress.com/artifactory/api/npm/npm-repos/qs/-/qs-6.10.3.tgz#d6cde1b2ffca87b5aa57889816c5f81535e22e8e"
  integrity sha1-1s3hsv/Kh7WqV4iYFsX4FTXiLo4=
  dependencies:
    side-channel "^1.0.4"

queue-microtask@^1.2.2:
  version "1.2.3"
  resolved "https://repo.dev.wixpress.com/artifactory/api/npm/npm-repos/queue-microtask/-/queue-microtask-1.2.3.tgz#4929228bbc724dfac43e0efb058caf7b6cfb6243"
  integrity sha1-SSkii7xyTfrEPg77BYyve2z7YkM=

range-parser@~1.2.1:
  version "1.2.1"
  resolved "https://repo.dev.wixpress.com/artifactory/api/npm/npm-repos/range-parser/-/range-parser-1.2.1.tgz#3cf37023d199e1c24d1a55b84800c2f3e6468031"
  integrity sha1-PPNwI9GZ4cJNGlW4SADC8+ZGgDE=

raw-body@2.5.1:
  version "2.5.1"
  resolved "https://repo.dev.wixpress.com/artifactory/api/npm/npm-repos/raw-body/-/raw-body-2.5.1.tgz#fe1b1628b181b700215e5fd42389f98b71392857"
  integrity sha1-/hsWKLGBtwAhXl/UI4n5i3E5KFc=
  dependencies:
    bytes "3.1.2"
    http-errors "2.0.0"
    iconv-lite "0.4.24"
    unpipe "1.0.0"

reusify@^1.0.4:
  version "1.0.4"
  resolved "https://repo.dev.wixpress.com/artifactory/api/npm/npm-repos/reusify/-/reusify-1.0.4.tgz#90da382b1e126efc02146e90845a88db12925d76"
  integrity sha1-kNo4Kx4SbvwCFG6QhFqI2xKSXXY=

rimraf@^3.0.2:
  version "3.0.2"
  resolved "https://repo.dev.wixpress.com/artifactory/api/npm/npm-repos/rimraf/-/rimraf-3.0.2.tgz#f1a5402ba6220ad52cc1282bac1ae3aa49fd061a"
  integrity sha1-8aVAK6YiCtUswSgrrBrjqkn9Bho=
  dependencies:
    glob "^7.1.3"

run-parallel@^1.1.9:
  version "1.2.0"
  resolved "https://repo.dev.wixpress.com/artifactory/api/npm/npm-repos/run-parallel/-/run-parallel-1.2.0.tgz#66d1368da7bdf921eb9d95bd1a9229e7f21a43ee"
  integrity sha1-ZtE2jae9+SHrnZW9GpIp5/IaQ+4=
  dependencies:
    queue-microtask "^1.2.2"

safe-buffer@5.2.1:
  version "5.2.1"
  resolved "https://repo.dev.wixpress.com/artifactory/api/npm/npm-repos/safe-buffer/-/safe-buffer-5.2.1.tgz#1eaf9fa9bdb1fdd4ec75f58f9cdb4e6b7827eec6"
  integrity sha1-Hq+fqb2x/dTsdfWPnNtOa3gn7sY=

"safer-buffer@>= 2.1.2 < 3":
  version "2.1.2"
  resolved "https://repo.dev.wixpress.com/artifactory/api/npm/npm-repos/safer-buffer/-/safer-buffer-2.1.2.tgz#44fa161b0187b9549dd84bb91802f9bd8385cd6a"
  integrity sha1-RPoWGwGHuVSd2Eu5GAL5vYOFzWo=

semver@^7.3.5:
  version "7.3.7"
  resolved "https://repo.dev.wixpress.com/artifactory/api/npm/npm-repos/semver/-/semver-7.3.7.tgz#12c5b649afdbf9049707796e22a4028814ce523f"
  integrity sha1-EsW2Sa/b+QSXB3luIqQCiBTOUj8=
  dependencies:
    lru-cache "^6.0.0"

send@0.18.0:
  version "0.18.0"
  resolved "https://repo.dev.wixpress.com/artifactory/api/npm/npm-repos/send/-/send-0.18.0.tgz#670167cc654b05f5aa4a767f9113bb371bc706be"
  integrity sha1-ZwFnzGVLBfWqSnZ/kRO7NxvHBr4=
  dependencies:
    debug "2.6.9"
    depd "2.0.0"
    destroy "1.2.0"
    encodeurl "~1.0.2"
    escape-html "~1.0.3"
    etag "~1.8.1"
    fresh "0.5.2"
    http-errors "2.0.0"
    mime "1.6.0"
    ms "2.1.3"
    on-finished "2.4.1"
    range-parser "~1.2.1"
    statuses "2.0.1"

serve-static@1.15.0:
  version "1.15.0"
  resolved "https://repo.dev.wixpress.com/artifactory/api/npm/npm-repos/serve-static/-/serve-static-1.15.0.tgz#faaef08cffe0a1a62f60cad0c4e513cff0ac9540"
  integrity sha1-+q7wjP/goaYvYMrQxOUTz/CslUA=
  dependencies:
    encodeurl "~1.0.2"
    escape-html "~1.0.3"
    parseurl "~1.3.3"
    send "0.18.0"

setprototypeof@1.2.0:
  version "1.2.0"
  resolved "https://repo.dev.wixpress.com/artifactory/api/npm/npm-repos/setprototypeof/-/setprototypeof-1.2.0.tgz#66c9a24a73f9fc28cbe66b09fed3d33dcaf1b424"
  integrity sha1-ZsmiSnP5/CjL5msJ/tPTPcrxtCQ=

side-channel@^1.0.4:
  version "1.0.4"
  resolved "https://repo.dev.wixpress.com/artifactory/api/npm/npm-repos/side-channel/-/side-channel-1.0.4.tgz#efce5c8fdc104ee751b25c58d4290011fa5ea2cf"
  integrity sha1-785cj9wQTudRslxY1CkAEfpeos8=
  dependencies:
    call-bind "^1.0.0"
    get-intrinsic "^1.0.2"
    object-inspect "^1.9.0"

slash@^3.0.0:
  version "3.0.0"
  resolved "https://repo.dev.wixpress.com/artifactory/api/npm/npm-repos/slash/-/slash-3.0.0.tgz#6539be870c165adbd5240220dbe361f1bc4d4634"
  integrity sha1-ZTm+hwwWWtvVJAIg2+Nh8bxNRjQ=

statuses@2.0.1:
  version "2.0.1"
  resolved "https://repo.dev.wixpress.com/artifactory/api/npm/npm-repos/statuses/-/statuses-2.0.1.tgz#55cb000ccf1d48728bd23c685a063998cf1a1b63"
  integrity sha1-VcsADM8dSHKL0jxoWgY5mM8aG2M=

temp-dir@^2.0.0:
  version "2.0.0"
  resolved "https://repo.dev.wixpress.com/artifactory/api/npm/npm-repos/temp-dir/-/temp-dir-2.0.0.tgz#bde92b05bdfeb1516e804c9c00ad45177f31321e"
  integrity sha1-vekrBb3+sVFugEycAK1FF38xMh4=

tempy@^1.0.1:
  version "1.0.1"
  resolved "https://repo.dev.wixpress.com/artifactory/api/npm/npm-repos/tempy/-/tempy-1.0.1.tgz#30fe901fd869cfb36ee2bd999805aa72fbb035de"
  integrity sha1-MP6QH9hpz7Nu4r2ZmAWqcvuwNd4=
  dependencies:
    del "^6.0.0"
    is-stream "^2.0.0"
    temp-dir "^2.0.0"
    type-fest "^0.16.0"
    unique-string "^2.0.0"

to-regex-range@^5.0.1:
  version "5.0.1"
  resolved "https://repo.dev.wixpress.com/artifactory/api/npm/npm-repos/to-regex-range/-/to-regex-range-5.0.1.tgz#1648c44aae7c8d988a326018ed72f5b4dd0392e4"
  integrity sha1-FkjESq58jZiKMmAY7XL1tN0DkuQ=
  dependencies:
    is-number "^7.0.0"

toidentifier@1.0.1:
  version "1.0.1"
  resolved "https://repo.dev.wixpress.com/artifactory/api/npm/npm-repos/toidentifier/-/toidentifier-1.0.1.tgz#3be34321a88a820ed1bd80dfaa33e479fbb8dd35"
  integrity sha1-O+NDIaiKgg7RvYDfqjPkefu43TU=

ts-node@^10.8.0:
  version "10.8.1"
  resolved "https://repo.dev.wixpress.com/artifactory/api/npm/npm-repos/ts-node/-/ts-node-10.8.1.tgz#ea2bd3459011b52699d7e88daa55a45a1af4f066"
  integrity sha1-6ivTRZARtSaZ1+iNqlWkWhr08GY=
  dependencies:
    "@cspotcode/source-map-support" "^0.8.0"
    "@tsconfig/node10" "^1.0.7"
    "@tsconfig/node12" "^1.0.7"
    "@tsconfig/node14" "^1.0.0"
    "@tsconfig/node16" "^1.0.2"
    acorn "^8.4.1"
    acorn-walk "^8.1.1"
    arg "^4.1.0"
    create-require "^1.1.0"
    diff "^4.0.1"
    make-error "^1.1.1"
    v8-compile-cache-lib "^3.0.1"
    yn "3.1.1"

type-fest@^0.16.0:
  version "0.16.0"
  resolved "https://repo.dev.wixpress.com/artifactory/api/npm/npm-repos/type-fest/-/type-fest-0.16.0.tgz#3240b891a78b0deae910dbeb86553e552a148860"
  integrity sha1-MkC4kaeLDerpENvrhlU+VSoUiGA=

type-is@~1.6.18:
  version "1.6.18"
  resolved "https://repo.dev.wixpress.com/artifactory/api/npm/npm-repos/type-is/-/type-is-1.6.18.tgz#4e552cd05df09467dcbc4ef739de89f2cf37c131"
  integrity sha1-TlUs0F3wlGfcvE73Od6J8s83wTE=
  dependencies:
    media-typer "0.3.0"
    mime-types "~2.1.24"

typescript-language-server@^0.10.1:
  version "0.10.1"
  resolved "https://repo.dev.wixpress.com/artifactory/api/npm/npm-repos/typescript-language-server/-/typescript-language-server-0.10.1.tgz#69232fcd860209f97f240a83532b306af960f6e1"
  integrity sha1-aSMvzYYCCfl/JAqDUyswavlg9uE=
  dependencies:
    commander "^9.0.0"
    fs-extra "^10.0.0"
    p-debounce "^2.1.0"
    pkg-up "^3.1.0"
    semver "^7.3.5"
    tempy "^1.0.1"
    vscode-languageserver "^7.0.0"
    vscode-languageserver-protocol "3.16.0"
    vscode-languageserver-textdocument "1.0.4"
    vscode-uri "^3.0.2"
    which "^2.0.2"

typescript@^4.7.2:
  version "4.7.4"
  resolved "https://repo.dev.wixpress.com/artifactory/api/npm/npm-repos/typescript/-/typescript-4.7.4.tgz#1a88596d1cf47d59507a1bcdfb5b9dfe4d488235"
  integrity sha1-GohZbRz0fVlQehvN+1ud/k1IgjU=

unique-string@^2.0.0:
  version "2.0.0"
  resolved "https://repo.dev.wixpress.com/artifactory/api/npm/npm-repos/unique-string/-/unique-string-2.0.0.tgz#39c6451f81afb2749de2b233e3f7c5e8843bd89d"
  integrity sha1-OcZFH4GvsnSd4rIz4/fF6IQ72J0=
  dependencies:
    crypto-random-string "^2.0.0"

universalify@^2.0.0:
  version "2.0.0"
  resolved "https://repo.dev.wixpress.com/artifactory/api/npm/npm-repos/universalify/-/universalify-2.0.0.tgz#75a4984efedc4b08975c5aeb73f530d02df25717"
  integrity sha1-daSYTv7cSwiXXFrrc/Uw0C3yVxc=

unpipe@1.0.0, unpipe@~1.0.0:
  version "1.0.0"
  resolved "https://repo.dev.wixpress.com/artifactory/api/npm/npm-repos/unpipe/-/unpipe-1.0.0.tgz#b2bf4ee8514aae6165b4817829d21b2ef49904ec"
  integrity sha1-sr9O6FFKrmFltIF4KdIbLvSZBOw=

utils-merge@1.0.1:
  version "1.0.1"
  resolved "https://repo.dev.wixpress.com/artifactory/api/npm/npm-repos/utils-merge/-/utils-merge-1.0.1.tgz#9f95710f50a267947b2ccc124741c1028427e713"
  integrity sha1-n5VxD1CiZ5R7LMwSR0HBAoQn5xM=

v8-compile-cache-lib@^3.0.1:
  version "3.0.1"
  resolved "https://repo.dev.wixpress.com/artifactory/api/npm/npm-repos/v8-compile-cache-lib/-/v8-compile-cache-lib-3.0.1.tgz#6336e8d71965cb3d35a1bbb7868445a7c05264bf"
  integrity sha1-Yzbo1xllyz01obu3hoRFp8BSZL8=

vary@^1, vary@~1.1.2:
  version "1.1.2"
  resolved "https://repo.dev.wixpress.com/artifactory/api/npm/npm-repos/vary/-/vary-1.1.2.tgz#2299f02c6ded30d4a5961b0b9f74524a18f634fc"
  integrity sha1-IpnwLG3tMNSllhsLn3RSShj2NPw=

vscode-jsonrpc@6.0.0:
  version "6.0.0"
  resolved "https://repo.dev.wixpress.com/artifactory/api/npm/npm-repos/vscode-jsonrpc/-/vscode-jsonrpc-6.0.0.tgz#108bdb09b4400705176b957ceca9e0880e9b6d4e"
  integrity sha1-EIvbCbRABwUXa5V87KngiA6bbU4=

vscode-jsonrpc@^8.0.1:
  version "8.0.1"
  resolved "https://repo.dev.wixpress.com/artifactory/api/npm/npm-repos/vscode-jsonrpc/-/vscode-jsonrpc-8.0.1.tgz#f30b0625ebafa0fb3bc53e934ca47b706445e57e"
  integrity sha1-8wsGJeuvoPs7xT6TTKR7cGRF5X4=

vscode-languageserver-protocol@3.16.0:
  version "3.16.0"
  resolved "https://repo.dev.wixpress.com/artifactory/api/npm/npm-repos/vscode-languageserver-protocol/-/vscode-languageserver-protocol-3.16.0.tgz#34135b61a9091db972188a07d337406a3cdbe821"
  integrity sha1-NBNbYakJHblyGIoH0zdAajzb6CE=
  dependencies:
    vscode-jsonrpc "6.0.0"
    vscode-languageserver-types "3.16.0"

vscode-languageserver-textdocument@1.0.4:
  version "1.0.4"
  resolved "https://repo.dev.wixpress.com/artifactory/api/npm/npm-repos/vscode-languageserver-textdocument/-/vscode-languageserver-textdocument-1.0.4.tgz#3cd56dd14cec1d09e86c4bb04b09a246cb3df157"
  integrity sha1-PNVt0UzsHQnobEuwSwmiRss98Vc=

vscode-languageserver-types@3.16.0:
  version "3.16.0"
  resolved "https://repo.dev.wixpress.com/artifactory/api/npm/npm-repos/vscode-languageserver-types/-/vscode-languageserver-types-3.16.0.tgz#ecf393fc121ec6974b2da3efb3155644c514e247"
  integrity sha1-7POT/BIexpdLLaPvsxVWRMUU4kc=

vscode-languageserver@^7.0.0:
  version "7.0.0"
  resolved "https://repo.dev.wixpress.com/artifactory/api/npm/npm-repos/vscode-languageserver/-/vscode-languageserver-7.0.0.tgz#49b068c87cfcca93a356969d20f5d9bdd501c6b0"
  integrity sha1-SbBoyHz8ypOjVpadIPXZvdUBxrA=
  dependencies:
    vscode-languageserver-protocol "3.16.0"

vscode-uri@^3.0.2:
  version "3.0.3"
  resolved "https://repo.dev.wixpress.com/artifactory/api/npm/npm-repos/vscode-uri/-/vscode-uri-3.0.3.tgz#a95c1ce2e6f41b7549f86279d19f47951e4f4d84"
  integrity sha1-qVwc4ub0G3VJ+GJ50Z9HlR5PTYQ=

which@^2.0.2:
  version "2.0.2"
  resolved "https://repo.dev.wixpress.com/artifactory/api/npm/npm-repos/which/-/which-2.0.2.tgz#7c6a8dd0a636a0327e10b59c9286eee93f3f51b1"
  integrity sha1-fGqN0KY2oDJ+ELWckobu6T8/UbE=
  dependencies:
    isexe "^2.0.0"

wrappy@1:
  version "1.0.2"
  resolved "https://repo.dev.wixpress.com/artifactory/api/npm/npm-repos/wrappy/-/wrappy-1.0.2.tgz#b5243d8f3ec1aa35f1364605bc0d1036e30ab69f"
  integrity sha1-tSQ9jz7BqjXxNkYFvA0QNuMKtp8=

ws@^8.6.0:
  version "8.8.0"
  resolved "https://repo.dev.wixpress.com/artifactory/api/npm/npm-repos/ws/-/ws-8.8.0.tgz#8e71c75e2f6348dbf8d78005107297056cb77769"
  integrity sha1-jnHHXi9jSNv414AFEHKXBWy3d2k=

yallist@^4.0.0:
  version "4.0.0"
  resolved "https://repo.dev.wixpress.com/artifactory/api/npm/npm-repos/yallist/-/yallist-4.0.0.tgz#9bb92790d9c0effec63be73519e11a35019a3a72"
  integrity sha1-m7knkNnA7/7GO+c1GeEaNQGaOnI=

yn@3.1.1:
  version "3.1.1"
  resolved "https://repo.dev.wixpress.com/artifactory/api/npm/npm-repos/yn/-/yn-3.1.1.tgz#1e87401a09d767c1d5eab26a6e4c185182d2eb50"
  integrity sha1-HodAGgnXZ8HV6rJqbkwYUYLS61A=
