# THIS IS AN AUTOGENERATED FILE. DO NOT EDIT THIS FILE DIRECTLY.
# yarn lockfile v1


"@babel/runtime@^7.0.0":
  version "7.18.6"
  resolved "https://repo.dev.wixpress.com/artifactory/api/npm/npm-repos/@babel/runtime/-/runtime-7.18.6.tgz#6a1ef59f838debd670421f8c7f2cbb8da9751580"
  integrity sha1-ah71n4ON69ZwQh+Mfyy7jal1FYA=
  dependencies:
    regenerator-runtime "^0.13.4"

"@wix/wix-code-common@^1.0.0":
  version "1.0.22"
  resolved "https://repo.dev.wixpress.com/artifactory/api/npm/npm-repos/@wix/wix-code-common/-/@wix/wix-code-common-1.0.22.tgz#75cd647d4d9bdd9e9ffe88696c7f7447d28bc036"
  integrity sha1-dc1kfU2b3Z6f/ohpbH90R9KLwDY=
  dependencies:
    "@babel/runtime" "^7.0.0"
    tslib "^2.0.0"

"@wix/wix-code-types@^1.0.160":
  version "1.0.319"
  resolved "https://repo.dev.wixpress.com/artifactory/api/npm/npm-repos/@wix/wix-code-types/-/wix-code-types-1.0.319.tgz#61994f90e9c59c05807c11e6650078aa5a8829e8"
  integrity sha1-YZlPkOnFnAWAfBHmZQB4qlqIKeg=
  dependencies:
    "@wix/wix-code-common" "^1.0.0"

regenerator-runtime@^0.13.4:
  version "0.13.9"
  resolved "https://repo.dev.wixpress.com/artifactory/api/npm/npm-repos/regenerator-runtime/-/regenerator-runtime-0.13.9.tgz#8925742a98ffd90814988d7566ad30ca3b263b52"
  integrity sha1-iSV0Kpj/2QgUmI11Zq0wyjsmO1I=

tslib@^2.0.0:
  version "2.4.0"
  resolved "https://repo.dev.wixpress.com/artifactory/api/npm/npm-repos/tslib/-/tslib-2.4.0.tgz#7cecaa7f073ce680a05847aa77be941098f36dc3"
  integrity sha1-fOyqfwc85oCgWEeqd76UEJjzbcM=
